// !$*UTF8*$!
{
	archiveVersion = 1;
	classes = {
	};
	objectVersion = 46;
	objects = {

/* Begin PBXBuildFile section */
		BB0FCD251A8024A50073B8A8 /* AppDelegate.swift in Sources */ = {isa = PBXBuildFile; fileRef = BB0FCD241A8024A50073B8A8 /* AppDelegate.swift */; };
		BB0FCD271A8024A50073B8A8 /* ViewController.swift in Sources */ = {isa = PBXBuildFile; fileRef = BB0FCD261A8024A50073B8A8 /* ViewController.swift */; };
		BB0FCD2A1A8024A50073B8A8 /* Main.storyboard in Resources */ = {isa = PBXBuildFile; fileRef = BB0FCD281A8024A50073B8A8 /* Main.storyboard */; };
		BB0FCD2C1A8024A50073B8A8 /* Images.xcassets in Resources */ = {isa = PBXBuildFile; fileRef = BB0FCD2B1A8024A50073B8A8 /* Images.xcassets */; };
		BB0FCD2F1A8024A50073B8A8 /* LaunchScreen.xib in Resources */ = {isa = PBXBuildFile; fileRef = BB0FCD2D1A8024A50073B8A8 /* LaunchScreen.xib */; };
		BB0FCD3B1A8024A50073B8A8 /* simple_cTests.swift in Sources */ = {isa = PBXBuildFile; fileRef = BB0FCD3A1A8024A50073B8A8 /* simple_cTests.swift */; };
		BB0FCD451A802C160073B8A8 /* thing.swift in Sources */ = {isa = PBXBuildFile; fileRef = BB0FCD441A802C160073B8A8 /* thing.swift */; };
		BB0FCD491A8034040073B8A8 /* thing.c in Sources */ = {isa = PBXBuildFile; fileRef = BB0FCD471A8034040073B8A8 /* thing.c */; };
/* End PBXBuildFile section */

/* Begin PBXContainerItemProxy section */
		BB0FCD351A8024A50073B8A8 /* PBXContainerItemProxy */ = {
			isa = PBXContainerItemProxy;
			containerPortal = BB0FCD171A8024A50073B8A8 /* Project object */;
			proxyType = 1;
			remoteGlobalIDString = BB0FCD1E1A8024A50073B8A8;
			remoteInfo = "simple c";
		};
/* End PBXContainerItemProxy section */

/* Begin PBXFileReference section */
		BB0FCD1F1A8024A50073B8A8 /* simple c.app */ = {isa = PBXFileReference; explicitFileType = wrapper.application; includeInIndex = 0; path = "simple c.app"; sourceTree = BUILT_PRODUCTS_DIR; };
		BB0FCD231A8024A50073B8A8 /* Info.plist */ = {isa = PBXFileReference; lastKnownFileType = text.plist.xml; path = Info.plist; sourceTree = "<group>"; };
		BB0FCD241A8024A50073B8A8 /* AppDelegate.swift */ = {isa = PBXFileReference; lastKnownFileType = sourcecode.swift; path = AppDelegate.swift; sourceTree = "<group>"; };
		BB0FCD261A8024A50073B8A8 /* ViewController.swift */ = {isa = PBXFileReference; lastKnownFileType = sourcecode.swift; path = ViewController.swift; sourceTree = "<group>"; };
		BB0FCD291A8024A50073B8A8 /* Base */ = {isa = PBXFileReference; lastKnownFileType = file.storyboard; name = Base; path = Base.lproj/Main.storyboard; sourceTree = "<group>"; };
		BB0FCD2B1A8024A50073B8A8 /* Images.xcassets */ = {isa = PBXFileReference; lastKnownFileType = folder.assetcatalog; path = Images.xcassets; sourceTree = "<group>"; };
		BB0FCD2E1A8024A50073B8A8 /* Base */ = {isa = PBXFileReference; lastKnownFileType = file.xib; name = Base; path = Base.lproj/LaunchScreen.xib; sourceTree = "<group>"; };
		BB0FCD341A8024A50073B8A8 /* simple cTests.xctest */ = {isa = PBXFileReference; explicitFileType = wrapper.cfbundle; includeInIndex = 0; path = "simple cTests.xctest"; sourceTree = BUILT_PRODUCTS_DIR; };
		BB0FCD391A8024A50073B8A8 /* Info.plist */ = {isa = PBXFileReference; lastKnownFileType = text.plist.xml; path = Info.plist; sourceTree = "<group>"; };
		BB0FCD3A1A8024A50073B8A8 /* simple_cTests.swift */ = {isa = PBXFileReference; lastKnownFileType = sourcecode.swift; path = simple_cTests.swift; sourceTree = "<group>"; };
		BB0FCD441A802C160073B8A8 /* thing.swift */ = {isa = PBXFileReference; fileEncoding = 4; lastKnownFileType = sourcecode.swift; path = thing.swift; sourceTree = "<group>"; };
		BB0FCD461A8034030073B8A8 /* simple c-Bridging-Header.h */ = {isa = PBXFileReference; lastKnownFileType = sourcecode.c.h; path = "simple c-Bridging-Header.h"; sourceTree = "<group>"; };
		BB0FCD471A8034040073B8A8 /* thing.c */ = {isa = PBXFileReference; fileEncoding = 4; lastKnownFileType = sourcecode.c.c; path = thing.c; sourceTree = "<group>"; };
		BB0FCD481A8034040073B8A8 /* thing.h */ = {isa = PBXFileReference; fileEncoding = 4; lastKnownFileType = sourcecode.c.h; path = thing.h; sourceTree = "<group>"; };
/* End PBXFileReference section */

/* Begin PBXFrameworksBuildPhase section */
		BB0FCD1C1A8024A50073B8A8 /* Frameworks */ = {
			isa = PBXFrameworksBuildPhase;
			buildActionMask = 2147483647;
			files = (
			);
			runOnlyForDeploymentPostprocessing = 0;
		};
		BB0FCD311A8024A50073B8A8 /* Frameworks */ = {
			isa = PBXFrameworksBuildPhase;
			buildActionMask = 2147483647;
			files = (
			);
			runOnlyForDeploymentPostprocessing = 0;
		};
/* End PBXFrameworksBuildPhase section */

/* Begin PBXGroup section */
		BB0FCD161A8024A50073B8A8 = {
			isa = PBXGroup;
			children = (
				BB0FCD211A8024A50073B8A8 /* simple c */,
				BB0FCD371A8024A50073B8A8 /* simple cTests */,
				BB0FCD201A8024A50073B8A8 /* Products */,
			);
			sourceTree = "<group>";
		};
		BB0FCD201A8024A50073B8A8 /* Products */ = {
			isa = PBXGroup;
			children = (
				BB0FCD1F1A8024A50073B8A8 /* simple c.app */,
				BB0FCD341A8024A50073B8A8 /* simple cTests.xctest */,
			);
			name = Products;
			sourceTree = "<group>";
		};
		BB0FCD211A8024A50073B8A8 /* simple c */ = {
			isa = PBXGroup;
			children = (
				BB0FCD241A8024A50073B8A8 /* AppDelegate.swift */,
				BB0FCD261A8024A50073B8A8 /* ViewController.swift */,
				BB0FCD281A8024A50073B8A8 /* Main.storyboard */,
				BB0FCD2B1A8024A50073B8A8 /* Images.xcassets */,
				BB0FCD2D1A8024A50073B8A8 /* LaunchScreen.xib */,
				BB0FCD221A8024A50073B8A8 /* Supporting Files */,
				BB0FCD441A802C160073B8A8 /* thing.swift */,
				BB0FCD471A8034040073B8A8 /* thing.c */,
				BB0FCD481A8034040073B8A8 /* thing.h */,
				BB0FCD461A8034030073B8A8 /* simple c-Bridging-Header.h */,
			);
			path = "simple c";
			sourceTree = "<group>";
		};
		BB0FCD221A8024A50073B8A8 /* Supporting Files */ = {
			isa = PBXGroup;
			children = (
				BB0FCD231A8024A50073B8A8 /* Info.plist */,
			);
			name = "Supporting Files";
			sourceTree = "<group>";
		};
		BB0FCD371A8024A50073B8A8 /* simple cTests */ = {
			isa = PBXGroup;
			children = (
				BB0FCD3A1A8024A50073B8A8 /* simple_cTests.swift */,
				BB0FCD381A8024A50073B8A8 /* Supporting Files */,
			);
			path = "simple cTests";
			sourceTree = "<group>";
		};
		BB0FCD381A8024A50073B8A8 /* Supporting Files */ = {
			isa = PBXGroup;
			children = (
				BB0FCD391A8024A50073B8A8 /* Info.plist */,
			);
			name = "Supporting Files";
			sourceTree = "<group>";
		};
/* End PBXGroup section */

/* Begin PBXNativeTarget section */
		BB0FCD1E1A8024A50073B8A8 /* simple c */ = {
			isa = PBXNativeTarget;
			buildConfigurationList = BB0FCD3E1A8024A50073B8A8 /* Build configuration list for PBXNativeTarget "simple c" */;
			buildPhases = (
				BB0FCD1B1A8024A50073B8A8 /* Sources */,
				BB0FCD1C1A8024A50073B8A8 /* Frameworks */,
				BB0FCD1D1A8024A50073B8A8 /* Resources */,
			);
			buildRules = (
			);
			dependencies = (
			);
			name = "simple c";
			productName = "simple c";
			productReference = BB0FCD1F1A8024A50073B8A8 /* simple c.app */;
			productType = "com.apple.product-type.application";
		};
		BB0FCD331A8024A50073B8A8 /* simple cTests */ = {
			isa = PBXNativeTarget;
			buildConfigurationList = BB0FCD411A8024A50073B8A8 /* Build configuration list for PBXNativeTarget "simple cTests" */;
			buildPhases = (
				BB0FCD301A8024A50073B8A8 /* Sources */,
				BB0FCD311A8024A50073B8A8 /* Frameworks */,
				BB0FCD321A8024A50073B8A8 /* Resources */,
			);
			buildRules = (
			);
			dependencies = (
				BB0FCD361A8024A50073B8A8 /* PBXTargetDependency */,
			);
			name = "simple cTests";
			productName = "simple cTests";
			productReference = BB0FCD341A8024A50073B8A8 /* simple cTests.xctest */;
			productType = "com.apple.product-type.bundle.unit-test";
		};
/* End PBXNativeTarget section */

/* Begin PBXProject section */
		BB0FCD171A8024A50073B8A8 /* Project object */ = {
			isa = PBXProject;
			attributes = {
				LastUpgradeCheck = 0610;
				ORGANIZATIONNAME = "David Wagner";
				TargetAttributes = {
					BB0FCD1E1A8024A50073B8A8 = {
						CreatedOnToolsVersion = 6.1.1;
						DevelopmentTeam = A8NKHWJDUL;
					};
					BB0FCD331A8024A50073B8A8 = {
						CreatedOnToolsVersion = 6.1.1;
						TestTargetID = BB0FCD1E1A8024A50073B8A8;
					};
				};
			};
			buildConfigurationList = BB0FCD1A1A8024A50073B8A8 /* Build configuration list for PBXProject "simple c" */;
			compatibilityVersion = "Xcode 3.2";
			developmentRegion = English;
			hasScannedForEncodings = 0;
			knownRegions = (
				en,
				Base,
			);
			mainGroup = BB0FCD161A8024A50073B8A8;
			productRefGroup = BB0FCD201A8024A50073B8A8 /* Products */;
			projectDirPath = "";
			projectRoot = "";
			targets = (
				BB0FCD1E1A8024A50073B8A8 /* simple c */,
				BB0FCD331A8024A50073B8A8 /* simple cTests */,
			);
		};
/* End PBXProject section */

/* Begin PBXResourcesBuildPhase section */
		BB0FCD1D1A8024A50073B8A8 /* Resources */ = {
			isa = PBXResourcesBuildPhase;
			buildActionMask = 2147483647;
			files = (
				BB0FCD2A1A8024A50073B8A8 /* Main.storyboard in Resources */,
				BB0FCD2F1A8024A50073B8A8 /* LaunchScreen.xib in Resources */,
				BB0FCD2C1A8024A50073B8A8 /* Images.xcassets in Resources */,
			);
			runOnlyForDeploymentPostprocessing = 0;
		};
		BB0FCD321A8024A50073B8A8 /* Resources */ = {
			isa = PBXResourcesBuildPhase;
			buildActionMask = 2147483647;
			files = (
			);
			runOnlyForDeploymentPostprocessing = 0;
		};
/* End PBXResourcesBuildPhase section */

/* Begin PBXSourcesBuildPhase section */
		BB0FCD1B1A8024A50073B8A8 /* Sources */ = {
			isa = PBXSourcesBuildPhase;
			buildActionMask = 2147483647;
			files = (
				BB0FCD271A8024A50073B8A8 /* ViewController.swift in Sources */,
				BB0FCD251A8024A50073B8A8 /* AppDelegate.swift in Sources */,
				BB0FCD491A8034040073B8A8 /* thing.c in Sources */,
				BB0FCD451A802C160073B8A8 /* thing.swift in Sources */,
			);
			runOnlyForDeploymentPostprocessing = 0;
		};
		BB0FCD301A8024A50073B8A8 /* Sources */ = {
			isa = PBXSourcesBuildPhase;
			buildActionMask = 2147483647;
			files = (
				BB0FCD3B1A8024A50073B8A8 /* simple_cTests.swift in Sources */,
			);
			runOnlyForDeploymentPostprocessing = 0;
		};
/* End PBXSourcesBuildPhase section */

/* Begin PBXTargetDependency section */
		BB0FCD361A8024A50073B8A8 /* PBXTargetDependency */ = {
			isa = PBXTargetDependency;
			target = BB0FCD1E1A8024A50073B8A8 /* simple c */;
			targetProxy = BB0FCD351A8024A50073B8A8 /* PBXContainerItemProxy */;
		};
/* End PBXTargetDependency section */

/* Begin PBXVariantGroup section */
		BB0FCD281A8024A50073B8A8 /* Main.storyboard */ = {
			isa = PBXVariantGroup;
			children = (
				BB0FCD291A8024A50073B8A8 /* Base */,
			);
			name = Main.storyboard;
			sourceTree = "<group>";
		};
		BB0FCD2D1A8024A50073B8A8 /* LaunchScreen.xib */ = {
			isa = PBXVariantGroup;
			children = (
				BB0FCD2E1A8024A50073B8A8 /* Base */,
			);
			name = LaunchScreen.xib;
			sourceTree = "<group>";
		};
/* End PBXVariantGroup section */

/* Begin XCBuildConfiguration section */
		BB0FCD3C1A8024A50073B8A8 /* Debug */ = {
			isa = XCBuildConfiguration;
			buildSettings = {
				ALWAYS_SEARCH_USER_PATHS = NO;
				CLANG_CXX_LANGUAGE_STANDARD = "gnu++0x";
				CLANG_CXX_LIBRARY = "libc++";
				CLANG_ENABLE_MODULES = YES;
				CLANG_ENABLE_OBJC_ARC = YES;
				CLANG_WARN_BOOL_CONVERSION = YES;
				CLANG_WARN_CONSTANT_CONVERSION = YES;
				CLANG_WARN_DIRECT_OBJC_ISA_USAGE = YES_ERROR;
				CLANG_WARN_EMPTY_BODY = YES;
				CLANG_WARN_ENUM_CONVERSION = YES;
				CLANG_WARN_INT_CONVERSION = YES;
				CLANG_WARN_OBJC_ROOT_CLASS = YES_ERROR;
				CLANG_WARN_UNREACHABLE_CODE = YES;
				CLANG_WARN__DUPLICATE_METHOD_MATCH = YES;
				"CODE_SIGN_IDENTITY[sdk=iphoneos*]" = "iPhone Developer";
				COPY_PHASE_STRIP = NO;
				ENABLE_STRICT_OBJC_MSGSEND = YES;
				GCC_C_LANGUAGE_STANDARD = gnu99;
				GCC_DYNAMIC_NO_PIC = NO;
				GCC_OPTIMIZATION_LEVEL = 0;
				GCC_PREPROCESSOR_DEFINITIONS = (
					"DEBUG=1",
					"$(inherited)",
				);
				GCC_SYMBOLS_PRIVATE_EXTERN = NO;
				GCC_WARN_64_TO_32_BIT_CONVERSION = YES;
				GCC_WARN_ABOUT_RETURN_TYPE = YES_ERROR;
				GCC_WARN_UNDECLARED_SELECTOR = YES;
				GCC_WARN_UNINITIALIZED_AUTOS = YES_AGGRESSIVE;
				GCC_WARN_UNUSED_FUNCTION = YES;
				GCC_WARN_UNUSED_VARIABLE = YES;
				IPHONEOS_DEPLOYMENT_TARGET = 8.1;
				MTL_ENABLE_DEBUG_INFO = YES;
				ONLY_ACTIVE_ARCH = YES;
				SDKROOT = iphoneos;
				SWIFT_OPTIMIZATION_LEVEL = "-Onone";
				TARGETED_DEVICE_FAMILY = "1,2";
			};
			name = Debug;
		};
		BB0FCD3D1A8024A50073B8A8 /* Release */ = {
			isa = XCBuildConfiguration;
			buildSettings = {
				ALWAYS_SEARCH_USER_PATHS = NO;
				CLANG_CXX_LANGUAGE_STANDARD = "gnu++0x";
				CLANG_CXX_LIBRARY = "libc++";
				CLANG_ENABLE_MODULES = YES;
				CLANG_ENABLE_OBJC_ARC = YES;
				CLANG_WARN_BOOL_CONVERSION = YES;
				CLANG_WARN_CONSTANT_CONVERSION = YES;
				CLANG_WARN_DIRECT_OBJC_ISA_USAGE = YES_ERROR;
				CLANG_WARN_EMPTY_BODY = YES;
				CLANG_WARN_ENUM_CONVERSION = YES;
				CLANG_WARN_INT_CONVERSION = YES;
				CLANG_WARN_OBJC_ROOT_CLASS = YES_ERROR;
				CLANG_WARN_UNREACHABLE_CODE = YES;
				CLANG_WARN__DUPLICATE_METHOD_MATCH = YES;
				"CODE_SIGN_IDENTITY[sdk=iphoneos*]" = "iPhone Developer";
				COPY_PHASE_STRIP = YES;
				ENABLE_NS_ASSERTIONS = NO;
				ENABLE_STRICT_OBJC_MSGSEND = YES;
				GCC_C_LANGUAGE_STANDARD = gnu99;
				GCC_WARN_64_TO_32_BIT_CONVERSION = YES;
				GCC_WARN_ABOUT_RETURN_TYPE = YES_ERROR;
				GCC_WARN_UNDECLARED_SELECTOR = YES;
				GCC_WARN_UNINITIALIZED_AUTOS = YES_AGGRESSIVE;
				GCC_WARN_UNUSED_FUNCTION = YES;
				GCC_WARN_UNUSED_VARIABLE = YES;
				IPHONEOS_DEPLOYMENT_TARGET = 8.1;
				MTL_ENABLE_DEBUG_INFO = NO;
				SDKROOT = iphoneos;
				TARGETED_DEVICE_FAMILY = "1,2";
				VALIDATE_PRODUCT = YES;
			};
			name = Release;
		};
		BB0FCD3F1A8024A50073B8A8 /* Debug */ = {
			isa = XCBuildConfiguration;
			buildSettings = {
				ASSETCATALOG_COMPILER_APPICON_NAME = AppIcon;
				CLANG_ENABLE_MODULES = YES;
				CODE_SIGN_IDENTITY = "iPhone Developer";
				"CODE_SIGN_IDENTITY[sdk=iphoneos*]" = "iPhone Developer";
				INFOPLIST_FILE = "simple c/Info.plist";
				LD_RUNPATH_SEARCH_PATHS = "$(inherited) @executable_path/Frameworks";
				PRODUCT_NAME = "$(TARGET_NAME)";
				PROVISIONING_PROFILE = "";
				SWIFT_OBJC_BRIDGING_HEADER = "simple c/simple c-Bridging-Header.h";
				SWIFT_OPTIMIZATION_LEVEL = "-Onone";
			};
			name = Debug;
		};
		BB0FCD401A8024A50073B8A8 /* Release */ = {
			isa = XCBuildConfiguration;
			buildSettings = {
				ASSETCATALOG_COMPILER_APPICON_NAME = AppIcon;
				CLANG_ENABLE_MODULES = YES;
				CODE_SIGN_IDENTITY = "iPhone Developer";
				"CODE_SIGN_IDENTITY[sdk=iphoneos*]" = "iPhone Developer";
				INFOPLIST_FILE = "simple c/Info.plist";
				LD_RUNPATH_SEARCH_PATHS = "$(inherited) @executable_path/Frameworks";
				PRODUCT_NAME = "$(TARGET_NAME)";
				PROVISIONING_PROFILE = "";
				SWIFT_OBJC_BRIDGING_HEADER = "simple c/simple c-Bridging-Header.h";
			};
			name = Release;
		};
		BB0FCD421A8024A50073B8A8 /* Debug */ = {
			isa = XCBuildConfiguration;
			buildSettings = {
				BUNDLE_LOADER = "$(TEST_HOST)";
				FRAMEWORK_SEARCH_PATHS = (
					"$(SDKROOT)/Developer/Library/Frameworks",
					"$(inherited)",
				);
				GCC_PREPROCESSOR_DEFINITIONS = (
					"DEBUG=1",
					"$(inherited)",
				);
				INFOPLIST_FILE = "simple cTests/Info.plist";
				LD_RUNPATH_SEARCH_PATHS = "$(inherited) @executable_path/Frameworks @loader_path/Frameworks";
				PRODUCT_NAME = "$(TARGET_NAME)";
				TEST_HOST = "$(BUILT_PRODUCTS_DIR)/simple c.app/simple c";
			};
			name = Debug;
		};
		BB0FCD431A8024A50073B8A8 /* Release */ = {
			isa = XCBuildConfiguration;
			buildSettings = {
				BUNDLE_LOADER = "$(TEST_HOST)";
				FRAMEWORK_SEARCH_PATHS = (
					"$(SDKROOT)/Developer/Library/Frameworks",
					"$(inherited)",
				);
				INFOPLIST_FILE = "simple cTests/Info.plist";
				LD_RUNPATH_SEARCH_PATHS = "$(inherited) @executable_path/Frameworks @loader_path/Frameworks";
				PRODUCT_NAME = "$(TARGET_NAME)";
				TEST_HOST = "$(BUILT_PRODUCTS_DIR)/simple c.app/simple c";
			};
			name = Release;
		};
/* End XCBuildConfiguration section */

/* Begin XCConfigurationList section */
		BB0FCD1A1A8024A50073B8A8 /* Build configuration list for PBXProject "simple c" */ = {
			isa = XCConfigurationList;
			buildConfigurations = (
				BB0FCD3C1A8024A50073B8A8 /* Debug */,
				BB0FCD3D1A8024A50073B8A8 /* Release */,
			);
			defaultConfigurationIsVisible = 0;
			defaultConfigurationName = Release;
		};
		BB0FCD3E1A8024A50073B8A8 /* Build configuration list for PBXNativeTarget "simple c" */ = {
			isa = XCConfigurationList;
			buildConfigurations = (
				BB0FCD3F1A8024A50073B8A8 /* Debug */,
				BB0FCD401A8024A50073B8A8 /* Release */,
			);
			defaultConfigurationIsVisible = 0;
		};
		BB0FCD411A8024A50073B8A8 /* Build configuration list for PBXNativeTarget "simple cTests" */ = {
			isa = XCConfigurationList;
			buildConfigurations = (
				BB0FCD421A8024A50073B8A8 /* Debug */,
				BB0FCD431A8024A50073B8A8 /* Release */,
			);
			defaultConfigurationIsVisible = 0;
		};
/* End XCConfigurationList section */
	};
	rootObject = BB0FCD171A8024A50073B8A8 /* Project object */;
}
